// !$*UTF8*$!
{
	archiveVersion = 1;
	classes = {
	};
	objectVersion = 55;
	objects = {

/* Begin PBXBuildFile section */
		1A62B9BD97B235F69D26CBD6 /* libPods-Market-ios.a in Frameworks */ = {isa = PBXBuildFile; fileRef = BC66025379ACB314DD64D565 /* libPods-Market-ios.a */; };
		2F266D9428F42798007FFFBF /* AppDelegate.swift in Sources */ = {isa = PBXBuildFile; fileRef = 2F266D9328F42798007FFFBF /* AppDelegate.swift */; };
		2F266D9628F42798007FFFBF /* SceneDelegate.swift in Sources */ = {isa = PBXBuildFile; fileRef = 2F266D9528F42798007FFFBF /* SceneDelegate.swift */; };
		2F266D9828F42798007FFFBF /* RootViewController.swift in Sources */ = {isa = PBXBuildFile; fileRef = 2F266D9728F42798007FFFBF /* RootViewController.swift */; };
		2F266D9D28F42799007FFFBF /* Assets.xcassets in Resources */ = {isa = PBXBuildFile; fileRef = 2F266D9C28F42799007FFFBF /* Assets.xcassets */; };
		2F266DA028F42799007FFFBF /* LaunchScreen.storyboard in Resources */ = {isa = PBXBuildFile; fileRef = 2F266D9E28F42799007FFFBF /* LaunchScreen.storyboard */; };
		2F266DAC28F42C1E007FFFBF /* MordaViewController.swift in Sources */ = {isa = PBXBuildFile; fileRef = 2F266DAB28F42C1E007FFFBF /* MordaViewController.swift */; };
		2F31D70F28F4E24D00ACBF23 /* ItemViewController.swift in Sources */ = {isa = PBXBuildFile; fileRef = 2F31D70E28F4E24D00ACBF23 /* ItemViewController.swift */; };
		2F31D71128F5025A00ACBF23 /* CartItem.swift in Sources */ = {isa = PBXBuildFile; fileRef = 2F31D71028F5025A00ACBF23 /* CartItem.swift */; };
		2F31D71328F5135200ACBF23 /* CartItemCell.swift in Sources */ = {isa = PBXBuildFile; fileRef = 2F31D71228F5135200ACBF23 /* CartItemCell.swift */; };
		2F31D71528F5287200ACBF23 /* CheckoutViewController.swift in Sources */ = {isa = PBXBuildFile; fileRef = 2F31D71428F5287200ACBF23 /* CheckoutViewController.swift */; };
		2F31D71828F529E100ACBF23 /* OrderOptions.swift in Sources */ = {isa = PBXBuildFile; fileRef = 2F31D71728F529E100ACBF23 /* OrderOptions.swift */; };
		2F4CE46728F43B8B00BAE541 /* AuthServiceManager.swift in Sources */ = {isa = PBXBuildFile; fileRef = 2F4CE46628F43B8B00BAE541 /* AuthServiceManager.swift */; };
		2F8D138C28F4412700033CEE /* Storage.swift in Sources */ = {isa = PBXBuildFile; fileRef = 2F8D138B28F4412700033CEE /* Storage.swift */; };
		2F8D138E28F4416B00033CEE /* StorageKeys.swift in Sources */ = {isa = PBXBuildFile; fileRef = 2F8D138D28F4416B00033CEE /* StorageKeys.swift */; };
		2F8D139128F447D800033CEE /* URLPaths.swift in Sources */ = {isa = PBXBuildFile; fileRef = 2F8D139028F447D800033CEE /* URLPaths.swift */; };
		2F8D139528F44FA800033CEE /* User.swift in Sources */ = {isa = PBXBuildFile; fileRef = 2F8D139428F44FA800033CEE /* User.swift */; };
		2F8D139828F46A9D00033CEE /* Color+Extensions.swift in Sources */ = {isa = PBXBuildFile; fileRef = 2F8D139728F46A9D00033CEE /* Color+Extensions.swift */; };
		2F8D139A28F474C900033CEE /* String+Extensions.swift in Sources */ = {isa = PBXBuildFile; fileRef = 2F8D139928F474C900033CEE /* String+Extensions.swift */; };
		2F8D139C28F4863A00033CEE /* LoginViewController.swift in Sources */ = {isa = PBXBuildFile; fileRef = 2F8D139B28F4863A00033CEE /* LoginViewController.swift */; };
		2F8D139E28F492C500033CEE /* ViewController+Extensions.swift in Sources */ = {isa = PBXBuildFile; fileRef = 2F8D139D28F492C500033CEE /* ViewController+Extensions.swift */; };
		2F8D13A028F493CD00033CEE /* Views+Extensions.swift in Sources */ = {isa = PBXBuildFile; fileRef = 2F8D139F28F493CD00033CEE /* Views+Extensions.swift */; };
		2F8D13A228F4C3CE00033CEE /* ServiceManager.swift in Sources */ = {isa = PBXBuildFile; fileRef = 2F8D13A128F4C3CE00033CEE /* ServiceManager.swift */; };
		2F8D13A428F4C65100033CEE /* Item.swift in Sources */ = {isa = PBXBuildFile; fileRef = 2F8D13A328F4C65100033CEE /* Item.swift */; };
		2F8D13A628F4CB5C00033CEE /* ItemCell.swift in Sources */ = {isa = PBXBuildFile; fileRef = 2F8D13A528F4CB5C00033CEE /* ItemCell.swift */; };
		2FDEDC9228F42CDD00BD357F /* CartViewController.swift in Sources */ = {isa = PBXBuildFile; fileRef = 2FDEDC9128F42CDD00BD357F /* CartViewController.swift */; };
		2FDEDC9428F42CEA00BD357F /* ProfileViewController.swift in Sources */ = {isa = PBXBuildFile; fileRef = 2FDEDC9328F42CEA00BD357F /* ProfileViewController.swift */; };
/* End PBXBuildFile section */

/* Begin PBXFileReference section */
		2F266D9028F42798007FFFBF /* Market-ios.app */ = {isa = PBXFileReference; explicitFileType = wrapper.application; includeInIndex = 0; path = "Market-ios.app"; sourceTree = BUILT_PRODUCTS_DIR; };
		2F266D9328F42798007FFFBF /* AppDelegate.swift */ = {isa = PBXFileReference; lastKnownFileType = sourcecode.swift; path = AppDelegate.swift; sourceTree = "<group>"; };
		2F266D9528F42798007FFFBF /* SceneDelegate.swift */ = {isa = PBXFileReference; lastKnownFileType = sourcecode.swift; path = SceneDelegate.swift; sourceTree = "<group>"; };
		2F266D9728F42798007FFFBF /* RootViewController.swift */ = {isa = PBXFileReference; lastKnownFileType = sourcecode.swift; path = RootViewController.swift; sourceTree = "<group>"; };
		2F266D9C28F42799007FFFBF /* Assets.xcassets */ = {isa = PBXFileReference; lastKnownFileType = folder.assetcatalog; path = Assets.xcassets; sourceTree = "<group>"; };
		2F266D9F28F42799007FFFBF /* Base */ = {isa = PBXFileReference; lastKnownFileType = file.storyboard; name = Base; path = Base.lproj/LaunchScreen.storyboard; sourceTree = "<group>"; };
		2F266DA128F42799007FFFBF /* Info.plist */ = {isa = PBXFileReference; lastKnownFileType = text.plist.xml; path = Info.plist; sourceTree = "<group>"; };
		2F266DAB28F42C1E007FFFBF /* MordaViewController.swift */ = {isa = PBXFileReference; lastKnownFileType = sourcecode.swift; path = MordaViewController.swift; sourceTree = "<group>"; };
		2F31D70E28F4E24D00ACBF23 /* ItemViewController.swift */ = {isa = PBXFileReference; lastKnownFileType = sourcecode.swift; path = ItemViewController.swift; sourceTree = "<group>"; };
		2F31D71028F5025A00ACBF23 /* CartItem.swift */ = {isa = PBXFileReference; lastKnownFileType = sourcecode.swift; path = CartItem.swift; sourceTree = "<group>"; };
		2F31D71228F5135200ACBF23 /* CartItemCell.swift */ = {isa = PBXFileReference; lastKnownFileType = sourcecode.swift; path = CartItemCell.swift; sourceTree = "<group>"; };
		2F31D71428F5287200ACBF23 /* CheckoutViewController.swift */ = {isa = PBXFileReference; lastKnownFileType = sourcecode.swift; path = CheckoutViewController.swift; sourceTree = "<group>"; };
		2F31D71728F529E100ACBF23 /* OrderOptions.swift */ = {isa = PBXFileReference; lastKnownFileType = sourcecode.swift; path = OrderOptions.swift; sourceTree = "<group>"; };
		2F4CE46628F43B8B00BAE541 /* AuthServiceManager.swift */ = {isa = PBXFileReference; lastKnownFileType = sourcecode.swift; path = AuthServiceManager.swift; sourceTree = "<group>"; };
		2F8D138B28F4412700033CEE /* Storage.swift */ = {isa = PBXFileReference; lastKnownFileType = sourcecode.swift; path = Storage.swift; sourceTree = "<group>"; };
		2F8D138D28F4416B00033CEE /* StorageKeys.swift */ = {isa = PBXFileReference; lastKnownFileType = sourcecode.swift; path = StorageKeys.swift; sourceTree = "<group>"; };
		2F8D139028F447D800033CEE /* URLPaths.swift */ = {isa = PBXFileReference; lastKnownFileType = sourcecode.swift; path = URLPaths.swift; sourceTree = "<group>"; };
		2F8D139428F44FA800033CEE /* User.swift */ = {isa = PBXFileReference; lastKnownFileType = sourcecode.swift; path = User.swift; sourceTree = "<group>"; };
		2F8D139728F46A9D00033CEE /* Color+Extensions.swift */ = {isa = PBXFileReference; lastKnownFileType = sourcecode.swift; path = "Color+Extensions.swift"; sourceTree = "<group>"; };
		2F8D139928F474C900033CEE /* String+Extensions.swift */ = {isa = PBXFileReference; lastKnownFileType = sourcecode.swift; path = "String+Extensions.swift"; sourceTree = "<group>"; };
		2F8D139B28F4863A00033CEE /* LoginViewController.swift */ = {isa = PBXFileReference; lastKnownFileType = sourcecode.swift; path = LoginViewController.swift; sourceTree = "<group>"; };
		2F8D139D28F492C500033CEE /* ViewController+Extensions.swift */ = {isa = PBXFileReference; lastKnownFileType = sourcecode.swift; path = "ViewController+Extensions.swift"; sourceTree = "<group>"; };
		2F8D139F28F493CD00033CEE /* Views+Extensions.swift */ = {isa = PBXFileReference; lastKnownFileType = sourcecode.swift; path = "Views+Extensions.swift"; sourceTree = "<group>"; };
		2F8D13A128F4C3CE00033CEE /* ServiceManager.swift */ = {isa = PBXFileReference; lastKnownFileType = sourcecode.swift; path = ServiceManager.swift; sourceTree = "<group>"; };
		2F8D13A328F4C65100033CEE /* Item.swift */ = {isa = PBXFileReference; lastKnownFileType = sourcecode.swift; path = Item.swift; sourceTree = "<group>"; };
		2F8D13A528F4CB5C00033CEE /* ItemCell.swift */ = {isa = PBXFileReference; lastKnownFileType = sourcecode.swift; path = ItemCell.swift; sourceTree = "<group>"; };
		2FDEDC9128F42CDD00BD357F /* CartViewController.swift */ = {isa = PBXFileReference; lastKnownFileType = sourcecode.swift; path = CartViewController.swift; sourceTree = "<group>"; };
		2FDEDC9328F42CEA00BD357F /* ProfileViewController.swift */ = {isa = PBXFileReference; lastKnownFileType = sourcecode.swift; path = ProfileViewController.swift; sourceTree = "<group>"; };
		658A2FC989CE300081D5F063 /* Pods-Market-ios.release.xcconfig */ = {isa = PBXFileReference; includeInIndex = 1; lastKnownFileType = text.xcconfig; name = "Pods-Market-ios.release.xcconfig"; path = "Target Support Files/Pods-Market-ios/Pods-Market-ios.release.xcconfig"; sourceTree = "<group>"; };
		67341ABB9B78F3E04F4172E0 /* Pods-Market-ios.debug.xcconfig */ = {isa = PBXFileReference; includeInIndex = 1; lastKnownFileType = text.xcconfig; name = "Pods-Market-ios.debug.xcconfig"; path = "Target Support Files/Pods-Market-ios/Pods-Market-ios.debug.xcconfig"; sourceTree = "<group>"; };
		BC66025379ACB314DD64D565 /* libPods-Market-ios.a */ = {isa = PBXFileReference; explicitFileType = archive.ar; includeInIndex = 0; path = "libPods-Market-ios.a"; sourceTree = BUILT_PRODUCTS_DIR; };
/* End PBXFileReference section */

/* Begin PBXFrameworksBuildPhase section */
		2F266D8D28F42798007FFFBF /* Frameworks */ = {
			isa = PBXFrameworksBuildPhase;
			buildActionMask = 2147483647;
			files = (
				1A62B9BD97B235F69D26CBD6 /* libPods-Market-ios.a in Frameworks */,
			);
			runOnlyForDeploymentPostprocessing = 0;
		};
/* End PBXFrameworksBuildPhase section */

/* Begin PBXGroup section */
		2F266D8728F42798007FFFBF = {
			isa = PBXGroup;
			children = (
				2F266D9228F42798007FFFBF /* Market-ios */,
				2F266D9128F42798007FFFBF /* Products */,
				5EE5C01920A55B65FB1D718C /* Pods */,
				72DE42EDBB395BB0F870610E /* Frameworks */,
			);
			sourceTree = "<group>";
		};
		2F266D9128F42798007FFFBF /* Products */ = {
			isa = PBXGroup;
			children = (
				2F266D9028F42798007FFFBF /* Market-ios.app */,
			);
			name = Products;
			sourceTree = "<group>";
		};
		2F266D9228F42798007FFFBF /* Market-ios */ = {
			isa = PBXGroup;
			children = (
				2F8D139628F46A8800033CEE /* Extensions */,
				2F8D138A28F440DE00033CEE /* Business-logic */,
				2F4CE46528F43B6B00BAE541 /* ServiceManager */,
				2F4CE46428F43B5600BAE541 /* Controllers */,
				2F266DA128F42799007FFFBF /* Info.plist */,
				2F266D9328F42798007FFFBF /* AppDelegate.swift */,
				2F266D9528F42798007FFFBF /* SceneDelegate.swift */,
				2F266DA728F427B6007FFFBF /* Support */,
			);
			path = "Market-ios";
			sourceTree = "<group>";
		};
		2F266DA728F427B6007FFFBF /* Support */ = {
			isa = PBXGroup;
			children = (
				2F266D9C28F42799007FFFBF /* Assets.xcassets */,
				2F266D9E28F42799007FFFBF /* LaunchScreen.storyboard */,
			);
			path = Support;
			sourceTree = "<group>";
		};
		2F266DA828F42BD1007FFFBF /* Morda */ = {
			isa = PBXGroup;
			children = (
				2F266DAB28F42C1E007FFFBF /* MordaViewController.swift */,
				2F8D13A528F4CB5C00033CEE /* ItemCell.swift */,
			);
			path = Morda;
			sourceTree = "<group>";
		};
		2F266DA928F42BDE007FFFBF /* Cart */ = {
			isa = PBXGroup;
			children = (
				2FDEDC9128F42CDD00BD357F /* CartViewController.swift */,
				2F31D71228F5135200ACBF23 /* CartItemCell.swift */,
			);
			path = Cart;
			sourceTree = "<group>";
		};
		2F266DAA28F42BE4007FFFBF /* Profile */ = {
			isa = PBXGroup;
			children = (
				2FDEDC9328F42CEA00BD357F /* ProfileViewController.swift */,
				2F8D139B28F4863A00033CEE /* LoginViewController.swift */,
			);
			path = Profile;
			sourceTree = "<group>";
		};
		2F31D70D28F4E23400ACBF23 /* Item */ = {
			isa = PBXGroup;
			children = (
				2F31D70E28F4E24D00ACBF23 /* ItemViewController.swift */,
			);
			path = Item;
			sourceTree = "<group>";
		};
		2F31D71628F5287800ACBF23 /* Checkout */ = {
			isa = PBXGroup;
			children = (
				2F31D71428F5287200ACBF23 /* CheckoutViewController.swift */,
			);
			path = Checkout;
			sourceTree = "<group>";
		};
		2F4CE46428F43B5600BAE541 /* Controllers */ = {
			isa = PBXGroup;
			children = (
				2F31D71628F5287800ACBF23 /* Checkout */,
				2F31D70D28F4E23400ACBF23 /* Item */,
				2F266DAA28F42BE4007FFFBF /* Profile */,
				2F266DA928F42BDE007FFFBF /* Cart */,
				2F266DA828F42BD1007FFFBF /* Morda */,
				2F266D9728F42798007FFFBF /* RootViewController.swift */,
			);
			path = Controllers;
			sourceTree = "<group>";
		};
		2F4CE46528F43B6B00BAE541 /* ServiceManager */ = {
			isa = PBXGroup;
			children = (
				2F4CE46628F43B8B00BAE541 /* AuthServiceManager.swift */,
				2F8D139028F447D800033CEE /* URLPaths.swift */,
				2F8D13A128F4C3CE00033CEE /* ServiceManager.swift */,
			);
			path = ServiceManager;
			sourceTree = "<group>";
		};
		2F8D138A28F440DE00033CEE /* Business-logic */ = {
			isa = PBXGroup;
			children = (
				2F8D138B28F4412700033CEE /* Storage.swift */,
				2F8D138D28F4416B00033CEE /* StorageKeys.swift */,
				2F8D139428F44FA800033CEE /* User.swift */,
				2F8D13A328F4C65100033CEE /* Item.swift */,
				2F31D71028F5025A00ACBF23 /* CartItem.swift */,
				2F31D71728F529E100ACBF23 /* OrderOptions.swift */,
			);
			path = "Business-logic";
			sourceTree = "<group>";
		};
		2F8D139628F46A8800033CEE /* Extensions */ = {
			isa = PBXGroup;
			children = (
				2F8D139728F46A9D00033CEE /* Color+Extensions.swift */,
				2F8D139928F474C900033CEE /* String+Extensions.swift */,
				2F8D139D28F492C500033CEE /* ViewController+Extensions.swift */,
				2F8D139F28F493CD00033CEE /* Views+Extensions.swift */,
			);
			path = Extensions;
			sourceTree = "<group>";
		};
		5EE5C01920A55B65FB1D718C /* Pods */ = {
			isa = PBXGroup;
			children = (
				67341ABB9B78F3E04F4172E0 /* Pods-Market-ios.debug.xcconfig */,
				658A2FC989CE300081D5F063 /* Pods-Market-ios.release.xcconfig */,
			);
			path = Pods;
			sourceTree = "<group>";
		};
		72DE42EDBB395BB0F870610E /* Frameworks */ = {
			isa = PBXGroup;
			children = (
				BC66025379ACB314DD64D565 /* libPods-Market-ios.a */,
			);
			name = Frameworks;
			sourceTree = "<group>";
		};
/* End PBXGroup section */

/* Begin PBXNativeTarget section */
		2F266D8F28F42798007FFFBF /* Market-ios */ = {
			isa = PBXNativeTarget;
			buildConfigurationList = 2F266DA428F42799007FFFBF /* Build configuration list for PBXNativeTarget "Market-ios" */;
			buildPhases = (
				F6DC73A09CC133A538EAD539 /* [CP] Check Pods Manifest.lock */,
				2F266D8C28F42798007FFFBF /* Sources */,
				2F266D8D28F42798007FFFBF /* Frameworks */,
				2F266D8E28F42798007FFFBF /* Resources */,
			);
			buildRules = (
			);
			dependencies = (
			);
			name = "Market-ios";
			productName = "Market-ios";
			productReference = 2F266D9028F42798007FFFBF /* Market-ios.app */;
			productType = "com.apple.product-type.application";
		};
/* End PBXNativeTarget section */

/* Begin PBXProject section */
		2F266D8828F42798007FFFBF /* Project object */ = {
			isa = PBXProject;
			attributes = {
				BuildIndependentTargetsInParallel = 1;
				LastSwiftUpdateCheck = 1340;
				LastUpgradeCheck = 1340;
				TargetAttributes = {
					2F266D8F28F42798007FFFBF = {
						CreatedOnToolsVersion = 13.4.1;
					};
				};
			};
			buildConfigurationList = 2F266D8B28F42798007FFFBF /* Build configuration list for PBXProject "Market-ios" */;
			compatibilityVersion = "Xcode 13.0";
			developmentRegion = en;
			hasScannedForEncodings = 0;
			knownRegions = (
				en,
				Base,
			);
			mainGroup = 2F266D8728F42798007FFFBF;
			productRefGroup = 2F266D9128F42798007FFFBF /* Products */;
			projectDirPath = "";
			projectRoot = "";
			targets = (
				2F266D8F28F42798007FFFBF /* Market-ios */,
			);
		};
/* End PBXProject section */

/* Begin PBXResourcesBuildPhase section */
		2F266D8E28F42798007FFFBF /* Resources */ = {
			isa = PBXResourcesBuildPhase;
			buildActionMask = 2147483647;
			files = (
				2F266DA028F42799007FFFBF /* LaunchScreen.storyboard in Resources */,
				2F266D9D28F42799007FFFBF /* Assets.xcassets in Resources */,
			);
			runOnlyForDeploymentPostprocessing = 0;
		};
/* End PBXResourcesBuildPhase section */

/* Begin PBXShellScriptBuildPhase section */
		F6DC73A09CC133A538EAD539 /* [CP] Check Pods Manifest.lock */ = {
			isa = PBXShellScriptBuildPhase;
			buildActionMask = 2147483647;
			files = (
			);
			inputFileListPaths = (
			);
			inputPaths = (
				"${PODS_PODFILE_DIR_PATH}/Podfile.lock",
				"${PODS_ROOT}/Manifest.lock",
			);
			name = "[CP] Check Pods Manifest.lock";
			outputFileListPaths = (
			);
			outputPaths = (
				"$(DERIVED_FILE_DIR)/Pods-Market-ios-checkManifestLockResult.txt",
			);
			runOnlyForDeploymentPostprocessing = 0;
			shellPath = /bin/sh;
			shellScript = "diff \"${PODS_PODFILE_DIR_PATH}/Podfile.lock\" \"${PODS_ROOT}/Manifest.lock\" > /dev/null\nif [ $? != 0 ] ; then\n    # print error to STDERR\n    echo \"error: The sandbox is not in sync with the Podfile.lock. Run 'pod install' or update your CocoaPods installation.\" >&2\n    exit 1\nfi\n# This output is used by Xcode 'outputs' to avoid re-running this script phase.\necho \"SUCCESS\" > \"${SCRIPT_OUTPUT_FILE_0}\"\n";
			showEnvVarsInLog = 0;
		};
/* End PBXShellScriptBuildPhase section */

/* Begin PBXSourcesBuildPhase section */
		2F266D8C28F42798007FFFBF /* Sources */ = {
			isa = PBXSourcesBuildPhase;
			buildActionMask = 2147483647;
			files = (
				2F31D71328F5135200ACBF23 /* CartItemCell.swift in Sources */,
				2FDEDC9428F42CEA00BD357F /* ProfileViewController.swift in Sources */,
				2F266D9828F42798007FFFBF /* RootViewController.swift in Sources */,
				2F8D139C28F4863A00033CEE /* LoginViewController.swift in Sources */,
				2F8D139E28F492C500033CEE /* ViewController+Extensions.swift in Sources */,
				2F31D71828F529E100ACBF23 /* OrderOptions.swift in Sources */,
				2F266D9428F42798007FFFBF /* AppDelegate.swift in Sources */,
				2F8D139A28F474C900033CEE /* String+Extensions.swift in Sources */,
				2F8D13A628F4CB5C00033CEE /* ItemCell.swift in Sources */,
				2FDEDC9228F42CDD00BD357F /* CartViewController.swift in Sources */,
				2F8D139828F46A9D00033CEE /* Color+Extensions.swift in Sources */,
				2F266DAC28F42C1E007FFFBF /* MordaViewController.swift in Sources */,
				2F8D138C28F4412700033CEE /* Storage.swift in Sources */,
				2F31D71528F5287200ACBF23 /* CheckoutViewController.swift in Sources */,
				2F8D13A428F4C65100033CEE /* Item.swift in Sources */,
				2F8D139128F447D800033CEE /* URLPaths.swift in Sources */,
				2F31D71128F5025A00ACBF23 /* CartItem.swift in Sources */,
				2F8D13A028F493CD00033CEE /* Views+Extensions.swift in Sources */,
				2F8D13A228F4C3CE00033CEE /* ServiceManager.swift in Sources */,
				2F8D139528F44FA800033CEE /* User.swift in Sources */,
				2F8D138E28F4416B00033CEE /* StorageKeys.swift in Sources */,
				2F31D70F28F4E24D00ACBF23 /* ItemViewController.swift in Sources */,
				2F4CE46728F43B8B00BAE541 /* AuthServiceManager.swift in Sources */,
				2F266D9628F42798007FFFBF /* SceneDelegate.swift in Sources */,
			);
			runOnlyForDeploymentPostprocessing = 0;
		};
/* End PBXSourcesBuildPhase section */

/* Begin PBXVariantGroup section */
		2F266D9E28F42799007FFFBF /* LaunchScreen.storyboard */ = {
			isa = PBXVariantGroup;
			children = (
				2F266D9F28F42799007FFFBF /* Base */,
			);
			name = LaunchScreen.storyboard;
			sourceTree = "<group>";
		};
/* End PBXVariantGroup section */

/* Begin XCBuildConfiguration section */
		2F266DA228F42799007FFFBF /* Debug */ = {
			isa = XCBuildConfiguration;
			buildSettings = {
				ALWAYS_SEARCH_USER_PATHS = NO;
				CLANG_ANALYZER_NONNULL = YES;
				CLANG_ANALYZER_NUMBER_OBJECT_CONVERSION = YES_AGGRESSIVE;
				CLANG_CXX_LANGUAGE_STANDARD = "gnu++17";
				CLANG_ENABLE_MODULES = YES;
				CLANG_ENABLE_OBJC_ARC = YES;
				CLANG_ENABLE_OBJC_WEAK = YES;
				CLANG_WARN_BLOCK_CAPTURE_AUTORELEASING = YES;
				CLANG_WARN_BOOL_CONVERSION = YES;
				CLANG_WARN_COMMA = YES;
				CLANG_WARN_CONSTANT_CONVERSION = YES;
				CLANG_WARN_DEPRECATED_OBJC_IMPLEMENTATIONS = YES;
				CLANG_WARN_DIRECT_OBJC_ISA_USAGE = YES_ERROR;
				CLANG_WARN_DOCUMENTATION_COMMENTS = YES;
				CLANG_WARN_EMPTY_BODY = YES;
				CLANG_WARN_ENUM_CONVERSION = YES;
				CLANG_WARN_INFINITE_RECURSION = YES;
				CLANG_WARN_INT_CONVERSION = YES;
				CLANG_WARN_NON_LITERAL_NULL_CONVERSION = YES;
				CLANG_WARN_OBJC_IMPLICIT_RETAIN_SELF = YES;
				CLANG_WARN_OBJC_LITERAL_CONVERSION = YES;
				CLANG_WARN_OBJC_ROOT_CLASS = YES_ERROR;
				CLANG_WARN_QUOTED_INCLUDE_IN_FRAMEWORK_HEADER = YES;
				CLANG_WARN_RANGE_LOOP_ANALYSIS = YES;
				CLANG_WARN_STRICT_PROTOTYPES = YES;
				CLANG_WARN_SUSPICIOUS_MOVE = YES;
				CLANG_WARN_UNGUARDED_AVAILABILITY = YES_AGGRESSIVE;
				CLANG_WARN_UNREACHABLE_CODE = YES;
				CLANG_WARN__DUPLICATE_METHOD_MATCH = YES;
				COPY_PHASE_STRIP = NO;
				DEBUG_INFORMATION_FORMAT = dwarf;
				ENABLE_STRICT_OBJC_MSGSEND = YES;
				ENABLE_TESTABILITY = YES;
				GCC_C_LANGUAGE_STANDARD = gnu11;
				GCC_DYNAMIC_NO_PIC = NO;
				GCC_NO_COMMON_BLOCKS = YES;
				GCC_OPTIMIZATION_LEVEL = 0;
				GCC_PREPROCESSOR_DEFINITIONS = (
					"DEBUG=1",
					"$(inherited)",
				);
				GCC_WARN_64_TO_32_BIT_CONVERSION = YES;
				GCC_WARN_ABOUT_RETURN_TYPE = YES_ERROR;
				GCC_WARN_UNDECLARED_SELECTOR = YES;
				GCC_WARN_UNINITIALIZED_AUTOS = YES_AGGRESSIVE;
				GCC_WARN_UNUSED_FUNCTION = YES;
				GCC_WARN_UNUSED_VARIABLE = YES;
				IPHONEOS_DEPLOYMENT_TARGET = 15.5;
				MTL_ENABLE_DEBUG_INFO = INCLUDE_SOURCE;
				MTL_FAST_MATH = YES;
				ONLY_ACTIVE_ARCH = YES;
				SDKROOT = iphoneos;
				SWIFT_ACTIVE_COMPILATION_CONDITIONS = DEBUG;
				SWIFT_OPTIMIZATION_LEVEL = "-Onone";
			};
			name = Debug;
		};
		2F266DA328F42799007FFFBF /* Release */ = {
			isa = XCBuildConfiguration;
			buildSettings = {
				ALWAYS_SEARCH_USER_PATHS = NO;
				CLANG_ANALYZER_NONNULL = YES;
				CLANG_ANALYZER_NUMBER_OBJECT_CONVERSION = YES_AGGRESSIVE;
				CLANG_CXX_LANGUAGE_STANDARD = "gnu++17";
				CLANG_ENABLE_MODULES = YES;
				CLANG_ENABLE_OBJC_ARC = YES;
				CLANG_ENABLE_OBJC_WEAK = YES;
				CLANG_WARN_BLOCK_CAPTURE_AUTORELEASING = YES;
				CLANG_WARN_BOOL_CONVERSION = YES;
				CLANG_WARN_COMMA = YES;
				CLANG_WARN_CONSTANT_CONVERSION = YES;
				CLANG_WARN_DEPRECATED_OBJC_IMPLEMENTATIONS = YES;
				CLANG_WARN_DIRECT_OBJC_ISA_USAGE = YES_ERROR;
				CLANG_WARN_DOCUMENTATION_COMMENTS = YES;
				CLANG_WARN_EMPTY_BODY = YES;
				CLANG_WARN_ENUM_CONVERSION = YES;
				CLANG_WARN_INFINITE_RECURSION = YES;
				CLANG_WARN_INT_CONVERSION = YES;
				CLANG_WARN_NON_LITERAL_NULL_CONVERSION = YES;
				CLANG_WARN_OBJC_IMPLICIT_RETAIN_SELF = YES;
				CLANG_WARN_OBJC_LITERAL_CONVERSION = YES;
				CLANG_WARN_OBJC_ROOT_CLASS = YES_ERROR;
				CLANG_WARN_QUOTED_INCLUDE_IN_FRAMEWORK_HEADER = YES;
				CLANG_WARN_RANGE_LOOP_ANALYSIS = YES;
				CLANG_WARN_STRICT_PROTOTYPES = YES;
				CLANG_WARN_SUSPICIOUS_MOVE = YES;
				CLANG_WARN_UNGUARDED_AVAILABILITY = YES_AGGRESSIVE;
				CLANG_WARN_UNREACHABLE_CODE = YES;
				CLANG_WARN__DUPLICATE_METHOD_MATCH = YES;
				COPY_PHASE_STRIP = NO;
				DEBUG_INFORMATION_FORMAT = "dwarf-with-dsym";
				ENABLE_NS_ASSERTIONS = NO;
				ENABLE_STRICT_OBJC_MSGSEND = YES;
				GCC_C_LANGUAGE_STANDARD = gnu11;
				GCC_NO_COMMON_BLOCKS = YES;
				GCC_WARN_64_TO_32_BIT_CONVERSION = YES;
				GCC_WARN_ABOUT_RETURN_TYPE = YES_ERROR;
				GCC_WARN_UNDECLARED_SELECTOR = YES;
				GCC_WARN_UNINITIALIZED_AUTOS = YES_AGGRESSIVE;
				GCC_WARN_UNUSED_FUNCTION = YES;
				GCC_WARN_UNUSED_VARIABLE = YES;
				IPHONEOS_DEPLOYMENT_TARGET = 15.5;
				MTL_ENABLE_DEBUG_INFO = NO;
				MTL_FAST_MATH = YES;
				SDKROOT = iphoneos;
				SWIFT_COMPILATION_MODE = wholemodule;
				SWIFT_OPTIMIZATION_LEVEL = "-O";
				VALIDATE_PRODUCT = YES;
			};
			name = Release;
		};
		2F266DA528F42799007FFFBF /* Debug */ = {
			isa = XCBuildConfiguration;
			baseConfigurationReference = 67341ABB9B78F3E04F4172E0 /* Pods-Market-ios.debug.xcconfig */;
			buildSettings = {
				ASSETCATALOG_COMPILER_APPICON_NAME = AppIcon;
				ASSETCATALOG_COMPILER_GLOBAL_ACCENT_COLOR_NAME = AccentColor;
				CODE_SIGN_STYLE = Automatic;
				CURRENT_PROJECT_VERSION = 1;
				GENERATE_INFOPLIST_FILE = YES;
				INFOPLIST_FILE = "Market-ios/Info.plist";
				INFOPLIST_KEY_UIApplicationSupportsIndirectInputEvents = YES;
				INFOPLIST_KEY_UILaunchStoryboardName = LaunchScreen;
				INFOPLIST_KEY_UIMainStoryboardFile = LaunchScreen;
				INFOPLIST_KEY_UISupportedInterfaceOrientations_iPad = "UIInterfaceOrientationPortrait UIInterfaceOrientationPortraitUpsideDown UIInterfaceOrientationLandscapeLeft UIInterfaceOrientationLandscapeRight";
				INFOPLIST_KEY_UISupportedInterfaceOrientations_iPhone = "UIInterfaceOrientationPortrait UIInterfaceOrientationLandscapeLeft UIInterfaceOrientationLandscapeRight";
				LD_RUNPATH_SEARCH_PATHS = (
					"$(inherited)",
					"@executable_path/Frameworks",
				);
				MARKETING_VERSION = 1.0;
				PRODUCT_BUNDLE_IDENTIFIER = "com.Sultan.exp.Market-ios";
				PRODUCT_NAME = "$(TARGET_NAME)";
				SWIFT_EMIT_LOC_STRINGS = YES;
				SWIFT_VERSION = 5.0;
				TARGETED_DEVICE_FAMILY = "1,2";
			};
			name = Debug;
		};
		2F266DA628F42799007FFFBF /* Release */ = {
			isa = XCBuildConfiguration;
			baseConfigurationReference = 658A2FC989CE300081D5F063 /* Pods-Market-ios.release.xcconfig */;
			buildSettings = {
				ASSETCATALOG_COMPILER_APPICON_NAME = AppIcon;
				ASSETCATALOG_COMPILER_GLOBAL_ACCENT_COLOR_NAME = AccentColor;
				CODE_SIGN_STYLE = Automatic;
				CURRENT_PROJECT_VERSION = 1;
				GENERATE_INFOPLIST_FILE = YES;
				INFOPLIST_FILE = "Market-ios/Info.plist";
				INFOPLIST_KEY_UIApplicationSupportsIndirectInputEvents = YES;
				INFOPLIST_KEY_UILaunchStoryboardName = LaunchScreen;
				INFOPLIST_KEY_UIMainStoryboardFile = LaunchScreen;
				INFOPLIST_KEY_UISupportedInterfaceOrientations_iPad = "UIInterfaceOrientationPortrait UIInterfaceOrientationPortraitUpsideDown UIInterfaceOrientationLandscapeLeft UIInterfaceOrientationLandscapeRight";
				INFOPLIST_KEY_UISupportedInterfaceOrientations_iPhone = "UIInterfaceOrientationPortrait UIInterfaceOrientationLandscapeLeft UIInterfaceOrientationLandscapeRight";
				LD_RUNPATH_SEARCH_PATHS = (
					"$(inherited)",
					"@executable_path/Frameworks",
				);
				MARKETING_VERSION = 1.0;
				PRODUCT_BUNDLE_IDENTIFIER = "com.Sultan.exp.Market-ios";
				PRODUCT_NAME = "$(TARGET_NAME)";
				SWIFT_EMIT_LOC_STRINGS = YES;
				SWIFT_VERSION = 5.0;
				TARGETED_DEVICE_FAMILY = "1,2";
			};
			name = Release;
		};
/* End XCBuildConfiguration section */

/* Begin XCConfigurationList section */
		2F266D8B28F42798007FFFBF /* Build configuration list for PBXProject "Market-ios" */ = {
			isa = XCConfigurationList;
			buildConfigurations = (
				2F266DA228F42799007FFFBF /* Debug */,
				2F266DA328F42799007FFFBF /* Release */,
			);
			defaultConfigurationIsVisible = 0;
			defaultConfigurationName = Release;
		};
		2F266DA428F42799007FFFBF /* Build configuration list for PBXNativeTarget "Market-ios" */ = {
			isa = XCConfigurationList;
			buildConfigurations = (
				2F266DA528F42799007FFFBF /* Debug */,
				2F266DA628F42799007FFFBF /* Release */,
			);
			defaultConfigurationIsVisible = 0;
			defaultConfigurationName = Release;
		};
/* End XCConfigurationList section */
	};
	rootObject = 2F266D8828F42798007FFFBF /* Project object */;
}
